
Microsoft Visual Studio Solution File, Format Version 12.00
# Visual Studio 15
VisualStudioVersion = 15.0.28010.2048
MinimumVisualStudioVersion = 10.0.40219.1
Project("{FAE04EC0-301F-11D3-BF4B-00C04F79EFBC}") = "Raunstrup", "Raunstrup\Raunstrup.csproj", "{10F731BD-D217-4DC1-9F11-B76AFB2951E8}"
EndProject
Global
	GlobalSection(SolutionConfigurationPlatforms) = preSolution
		Debug|Any CPU = Debug|Any CPU
		Release|Any CPU = Release|Any CPU
	EndGlobalSection
	GlobalSection(ProjectConfigurationPlatforms) = postSolution
		{10F731BD-D217-4DC1-9F11-B76AFB2951E8}.Debug|Any CPU.ActiveCfg = Debug|Any CPU
		{10F731BD-D217-4DC1-9F11-B76AFB2951E8}.Debug|Any CPU.Build.0 = Debug|Any CPU
		{10F731BD-D217-4DC1-9F11-B76AFB2951E8}.Release|Any CPU.ActiveCfg = Release|Any CPU
		{10F731BD-D217-4DC1-9F11-B76AFB2951E8}.Release|Any CPU.Build.0 = Release|Any CPU
	EndGlobalSection
	GlobalSection(SolutionProperties) = preSolution
		HideSolutionNode = FALSE
	EndGlobalSection
	GlobalSection(ExtensibilityGlobals) = postSolution
		SolutionGuid = {DFD77988-7775-44BF-8F74-35D80F423E7D}
	EndGlobalSection
EndGlobal
